
Microsoft Visual Studio Solution File, Format Version 12.00
# Visual Studio Version 16
VisualStudioVersion = 16.0.33214.272
MinimumVisualStudioVersion = 10.0.40219.1
Project("{8BC9CEB8-8B4A-11D0-8D11-00A0C91BC942}") = "Incremento", "Incremento\Incremento.vcxproj", "{7E78100C-FFCC-4242-9EF8-418B69E8B7AA}"
EndProject
Global
	GlobalSection(SolutionConfigurationPlatforms) = preSolution
		Debug|x64 = Debug|x64
		Debug|x86 = Debug|x86
		Release|x64 = Release|x64
		Release|x86 = Release|x86
	EndGlobalSection
	GlobalSection(ProjectConfigurationPlatforms) = postSolution
		{7E78100C-FFCC-4242-9EF8-418B69E8B7AA}.Debug|x64.ActiveCfg = Debug|x64
		{7E78100C-FFCC-4242-9EF8-418B69E8B7AA}.Debug|x64.Build.0 = Debug|x64
		{7E78100C-FFCC-4242-9EF8-418B69E8B7AA}.Debug|x86.ActiveCfg = Debug|Win32
		{7E78100C-FFCC-4242-9EF8-418B69E8B7AA}.Debug|x86.Build.0 = Debug|Win32
		{7E78100C-FFCC-4242-9EF8-418B69E8B7AA}.Release|x64.ActiveCfg = Release|x64
		{7E78100C-FFCC-4242-9EF8-418B69E8B7AA}.Release|x64.Build.0 = Release|x64
		{7E78100C-FFCC-4242-9EF8-418B69E8B7AA}.Release|x86.ActiveCfg = Release|Win32
		{7E78100C-FFCC-4242-9EF8-418B69E8B7AA}.Release|x86.Build.0 = Release|Win32
	EndGlobalSection
	GlobalSection(SolutionProperties) = preSolution
		HideSolutionNode = FALSE
	EndGlobalSection
	GlobalSection(ExtensibilityGlobals) = postSolution
		SolutionGuid = {875038FC-918C-4842-996E-CDFD312F2411}
	EndGlobalSection
EndGlobal
