
Microsoft Visual Studio Solution File, Format Version 12.00
# Visual Studio Version 16
VisualStudioVersion = 16.0.33214.272
MinimumVisualStudioVersion = 10.0.40219.1
Project("{8BC9CEB8-8B4A-11D0-8D11-00A0C91BC942}") = "PositivoNegativoOCero", "PositivoNegativoOCero\PositivoNegativoOCero.vcxproj", "{545A773A-F561-4CB5-86A4-AC9FF24A1F87}"
EndProject
Global
	GlobalSection(SolutionConfigurationPlatforms) = preSolution
		Debug|x64 = Debug|x64
		Debug|x86 = Debug|x86
		Release|x64 = Release|x64
		Release|x86 = Release|x86
	EndGlobalSection
	GlobalSection(ProjectConfigurationPlatforms) = postSolution
		{545A773A-F561-4CB5-86A4-AC9FF24A1F87}.Debug|x64.ActiveCfg = Debug|x64
		{545A773A-F561-4CB5-86A4-AC9FF24A1F87}.Debug|x64.Build.0 = Debug|x64
		{545A773A-F561-4CB5-86A4-AC9FF24A1F87}.Debug|x86.ActiveCfg = Debug|Win32
		{545A773A-F561-4CB5-86A4-AC9FF24A1F87}.Debug|x86.Build.0 = Debug|Win32
		{545A773A-F561-4CB5-86A4-AC9FF24A1F87}.Release|x64.ActiveCfg = Release|x64
		{545A773A-F561-4CB5-86A4-AC9FF24A1F87}.Release|x64.Build.0 = Release|x64
		{545A773A-F561-4CB5-86A4-AC9FF24A1F87}.Release|x86.ActiveCfg = Release|Win32
		{545A773A-F561-4CB5-86A4-AC9FF24A1F87}.Release|x86.Build.0 = Release|Win32
	EndGlobalSection
	GlobalSection(SolutionProperties) = preSolution
		HideSolutionNode = FALSE
	EndGlobalSection
	GlobalSection(ExtensibilityGlobals) = postSolution
		SolutionGuid = {D352A7AC-F0CB-44A1-94E5-265432F19BCF}
	EndGlobalSection
EndGlobal
